
Microsoft Visual Studio Solution File, Format Version 12.00
# Visual Studio Version 17
VisualStudioVersion = 17.5.002.0
MinimumVisualStudioVersion = 10.0.40219.1
Project("{9A19103F-16F7-4668-BE54-9A1E7A4F7556}") = "main", "main.csproj", "{25600747-72AB-4D20-AF07-60B25EFE0807}"
EndProject
Project("{FAE04EC0-301F-11D3-BF4B-00C04F79EFBC}") = "UnitTests", "UnitTests\UnitTests.csproj", "{02514883-4FDA-482F-BF12-5F874844380B}"
EndProject
Project("{FAE04EC0-301F-11D3-BF4B-00C04F79EFBC}") = "main", "main\main.csproj", "{E653D0C5-8174-4DB5-9878-8BA4AF043EBF}"
EndProject
Global
	GlobalSection(SolutionConfigurationPlatforms) = preSolution
		Debug|Any CPU = Debug|Any CPU
		Release|Any CPU = Release|Any CPU
	EndGlobalSection
	GlobalSection(ProjectConfigurationPlatforms) = postSolution
		{25600747-72AB-4D20-AF07-60B25EFE0807}.Debug|Any CPU.ActiveCfg = Debug|Any CPU
		{25600747-72AB-4D20-AF07-60B25EFE0807}.Debug|Any CPU.Build.0 = Debug|Any CPU
		{25600747-72AB-4D20-AF07-60B25EFE0807}.Release|Any CPU.ActiveCfg = Release|Any CPU
		{25600747-72AB-4D20-AF07-60B25EFE0807}.Release|Any CPU.Build.0 = Release|Any CPU
		{02514883-4FDA-482F-BF12-5F874844380B}.Debug|Any CPU.ActiveCfg = Debug|Any CPU
		{02514883-4FDA-482F-BF12-5F874844380B}.Debug|Any CPU.Build.0 = Debug|Any CPU
		{02514883-4FDA-482F-BF12-5F874844380B}.Release|Any CPU.ActiveCfg = Release|Any CPU
		{02514883-4FDA-482F-BF12-5F874844380B}.Release|Any CPU.Build.0 = Release|Any CPU
		{E653D0C5-8174-4DB5-9878-8BA4AF043EBF}.Debug|Any CPU.ActiveCfg = Debug|Any CPU
		{E653D0C5-8174-4DB5-9878-8BA4AF043EBF}.Debug|Any CPU.Build.0 = Debug|Any CPU
		{E653D0C5-8174-4DB5-9878-8BA4AF043EBF}.Release|Any CPU.ActiveCfg = Release|Any CPU
		{E653D0C5-8174-4DB5-9878-8BA4AF043EBF}.Release|Any CPU.Build.0 = Release|Any CPU
	EndGlobalSection
	GlobalSection(SolutionProperties) = preSolution
		HideSolutionNode = FALSE
	EndGlobalSection
	GlobalSection(ExtensibilityGlobals) = postSolution
		SolutionGuid = {4BA35539-8F6D-411E-A0CB-195D2E8A61D2}
	EndGlobalSection
EndGlobal
