
Microsoft Visual Studio Solution File, Format Version 12.00
# Visual Studio Version 17
VisualStudioVersion = 17.5.002.0
MinimumVisualStudioVersion = 10.0.40219.1
Project("{9A19103F-16F7-4668-BE54-9A1E7A4F7556}") = "main", "main\main.csproj", "{ED24576D-71C1-44AC-94DF-ECF8E96473A0}"
EndProject
Global
	GlobalSection(SolutionConfigurationPlatforms) = preSolution
		Debug|Any CPU = Debug|Any CPU
		Release|Any CPU = Release|Any CPU
	EndGlobalSection
	GlobalSection(ProjectConfigurationPlatforms) = postSolution
		{ED24576D-71C1-44AC-94DF-ECF8E96473A0}.Debug|Any CPU.ActiveCfg = Debug|Any CPU
		{ED24576D-71C1-44AC-94DF-ECF8E96473A0}.Debug|Any CPU.Build.0 = Debug|Any CPU
		{ED24576D-71C1-44AC-94DF-ECF8E96473A0}.Release|Any CPU.ActiveCfg = Release|Any CPU
		{ED24576D-71C1-44AC-94DF-ECF8E96473A0}.Release|Any CPU.Build.0 = Release|Any CPU
	EndGlobalSection
	GlobalSection(SolutionProperties) = preSolution
		HideSolutionNode = FALSE
	EndGlobalSection
	GlobalSection(ExtensibilityGlobals) = postSolution
		SolutionGuid = {EF7E1618-C35C-4D29-81FB-5D86521FFEBE}
	EndGlobalSection
EndGlobal
